// !$*UTF8*$!
{
	archiveVersion = 1;
	classes = {
	};
	objectVersion = 46;
	objects = {

/* Begin PBXBuildFile section */
		DF1CDEE71CF059100006B594 /* Pandora_iOSTests.swift in Sources */ = {isa = PBXBuildFile; fileRef = DF1CDEE61CF059100006B594 /* Pandora_iOSTests.swift */; };
		DF1CDEE91CF059100006B594 /* Pandora.framework in Frameworks */ = {isa = PBXBuildFile; fileRef = DF1CDEA61CF047210006B594 /* Pandora.framework */; };
		DF1CDEF61CF0593D0006B594 /* AppDelegate.swift in Sources */ = {isa = PBXBuildFile; fileRef = DF1CDEF51CF0593D0006B594 /* AppDelegate.swift */; };
		DF1CDEF81CF0593D0006B594 /* FirstViewController.swift in Sources */ = {isa = PBXBuildFile; fileRef = DF1CDEF71CF0593D0006B594 /* FirstViewController.swift */; };
		DF1CDEFA1CF0593D0006B594 /* SecondViewController.swift in Sources */ = {isa = PBXBuildFile; fileRef = DF1CDEF91CF0593D0006B594 /* SecondViewController.swift */; };
		DF1CDEFD1CF0593D0006B594 /* Main.storyboard in Resources */ = {isa = PBXBuildFile; fileRef = DF1CDEFB1CF0593D0006B594 /* Main.storyboard */; };
		DF1CDEFF1CF0593D0006B594 /* Assets.xcassets in Resources */ = {isa = PBXBuildFile; fileRef = DF1CDEFE1CF0593D0006B594 /* Assets.xcassets */; };
		DF1CDF021CF0593D0006B594 /* LaunchScreen.storyboard in Resources */ = {isa = PBXBuildFile; fileRef = DF1CDF001CF0593D0006B594 /* LaunchScreen.storyboard */; };
		DF1CDF0E1CF05AB60006B594 /* Pandora_tvOSTests.swift in Sources */ = {isa = PBXBuildFile; fileRef = DF1CDF0D1CF05AB60006B594 /* Pandora_tvOSTests.swift */; };
		DF1CDF101CF05AB60006B594 /* Pandora.framework in Frameworks */ = {isa = PBXBuildFile; fileRef = DF1CDEC11CF0474E0006B594 /* Pandora.framework */; };
		DF1CDF1D1CF05C070006B594 /* FlatUIColors.swift in Sources */ = {isa = PBXBuildFile; fileRef = DF1CDF1C1CF05C070006B594 /* FlatUIColors.swift */; };
		DF1CDF1E1CF05C070006B594 /* FlatUIColors.swift in Sources */ = {isa = PBXBuildFile; fileRef = DF1CDF1C1CF05C070006B594 /* FlatUIColors.swift */; };
		DF1CDF1F1CF05C070006B594 /* FlatUIColors.swift in Sources */ = {isa = PBXBuildFile; fileRef = DF1CDF1C1CF05C070006B594 /* FlatUIColors.swift */; };
		DF1CDF211CF05C3C0006B594 /* Colors.swift in Sources */ = {isa = PBXBuildFile; fileRef = DF1CDF201CF05C3C0006B594 /* Colors.swift */; };
		DF1CDF221CF05C3C0006B594 /* Colors.swift in Sources */ = {isa = PBXBuildFile; fileRef = DF1CDF201CF05C3C0006B594 /* Colors.swift */; };
		DF1CDF231CF05C3C0006B594 /* Colors.swift in Sources */ = {isa = PBXBuildFile; fileRef = DF1CDF201CF05C3C0006B594 /* Colors.swift */; };
		DF1CDF261CF05C620006B594 /* Coordinator.swift in Sources */ = {isa = PBXBuildFile; fileRef = DF1CDF251CF05C620006B594 /* Coordinator.swift */; };
		DF1CDF281CF05C620006B594 /* Coordinator.swift in Sources */ = {isa = PBXBuildFile; fileRef = DF1CDF251CF05C620006B594 /* Coordinator.swift */; };
		DF1CDF2B1CF05CA80006B594 /* UIColorExtension.swift in Sources */ = {isa = PBXBuildFile; fileRef = DF1CDF2A1CF05CA80006B594 /* UIColorExtension.swift */; };
		DF1CDF2C1CF05CA80006B594 /* UIColorExtension.swift in Sources */ = {isa = PBXBuildFile; fileRef = DF1CDF2A1CF05CA80006B594 /* UIColorExtension.swift */; };
		DF1CDF2D1CF05CA80006B594 /* UIColorExtension.swift in Sources */ = {isa = PBXBuildFile; fileRef = DF1CDF2A1CF05CA80006B594 /* UIColorExtension.swift */; };
		DF1CDF301CF05CDC0006B594 /* ViewController.swift in Sources */ = {isa = PBXBuildFile; fileRef = DF1CDF2F1CF05CDC0006B594 /* ViewController.swift */; };
		DF1CDF321CF05CDC0006B594 /* ViewController.swift in Sources */ = {isa = PBXBuildFile; fileRef = DF1CDF2F1CF05CDC0006B594 /* ViewController.swift */; };
		DF1CDF341CF05CFA0006B594 /* UITableView+Reusable.swift in Sources */ = {isa = PBXBuildFile; fileRef = DF1CDF331CF05CFA0006B594 /* UITableView+Reusable.swift */; };
		DF1CDF361CF05CFA0006B594 /* UITableView+Reusable.swift in Sources */ = {isa = PBXBuildFile; fileRef = DF1CDF331CF05CFA0006B594 /* UITableView+Reusable.swift */; };
		DF1CDF371CF05D3F0006B594 /* Pandora.h in Headers */ = {isa = PBXBuildFile; fileRef = DF1CDED61CF0482B0006B594 /* Pandora.h */; settings = {ATTRIBUTES = (Public, ); }; };
		DF1CDF381CF05D400006B594 /* Pandora.h in Headers */ = {isa = PBXBuildFile; fileRef = DF1CDED61CF0482B0006B594 /* Pandora.h */; settings = {ATTRIBUTES = (Public, ); }; };
		DF1CDF391CF05D400006B594 /* Pandora.h in Headers */ = {isa = PBXBuildFile; fileRef = DF1CDED61CF0482B0006B594 /* Pandora.h */; settings = {ATTRIBUTES = (Public, ); }; };
		DF1CDF3F1CF05DD10006B594 /* ApplicationDelegateUtils.swift in Sources */ = {isa = PBXBuildFile; fileRef = DF1CDF3B1CF05DD10006B594 /* ApplicationDelegateUtils.swift */; };
		DF1CDF411CF05DD10006B594 /* ApplicationDelegateUtils.swift in Sources */ = {isa = PBXBuildFile; fileRef = DF1CDF3B1CF05DD10006B594 /* ApplicationDelegateUtils.swift */; };
		DF1CDF421CF05DD10006B594 /* CGUtils.swift in Sources */ = {isa = PBXBuildFile; fileRef = DF1CDF3C1CF05DD10006B594 /* CGUtils.swift */; };
		DF1CDF431CF05DD10006B594 /* CGUtils.swift in Sources */ = {isa = PBXBuildFile; fileRef = DF1CDF3C1CF05DD10006B594 /* CGUtils.swift */; };
		DF1CDF441CF05DD10006B594 /* CGUtils.swift in Sources */ = {isa = PBXBuildFile; fileRef = DF1CDF3C1CF05DD10006B594 /* CGUtils.swift */; };
		DF1CDF451CF05DD10006B594 /* FontUtils.swift in Sources */ = {isa = PBXBuildFile; fileRef = DF1CDF3D1CF05DD10006B594 /* FontUtils.swift */; };
		DF1CDF461CF05DD10006B594 /* FontUtils.swift in Sources */ = {isa = PBXBuildFile; fileRef = DF1CDF3D1CF05DD10006B594 /* FontUtils.swift */; };
		DF1CDF471CF05DD10006B594 /* FontUtils.swift in Sources */ = {isa = PBXBuildFile; fileRef = DF1CDF3D1CF05DD10006B594 /* FontUtils.swift */; };
		DF1CDF481CF05DD10006B594 /* Localization.swift in Sources */ = {isa = PBXBuildFile; fileRef = DF1CDF3E1CF05DD10006B594 /* Localization.swift */; };
		DF1CDF491CF05DD10006B594 /* Localization.swift in Sources */ = {isa = PBXBuildFile; fileRef = DF1CDF3E1CF05DD10006B594 /* Localization.swift */; };
		DF1CDF4A1CF05DD10006B594 /* Localization.swift in Sources */ = {isa = PBXBuildFile; fileRef = DF1CDF3E1CF05DD10006B594 /* Localization.swift */; };
		DF68A84B1E784B500075CE70 /* UIImageExtension.swift in Sources */ = {isa = PBXBuildFile; fileRef = DFF05F1B1CF8D89500E397C6 /* UIImageExtension.swift */; };
		DF68A84C1E784B540075CE70 /* UIImageExtension.swift in Sources */ = {isa = PBXBuildFile; fileRef = DFF05F1B1CF8D89500E397C6 /* UIImageExtension.swift */; };
		DF68A84D1E784B540075CE70 /* UIImageExtension.swift in Sources */ = {isa = PBXBuildFile; fileRef = DFF05F1B1CF8D89500E397C6 /* UIImageExtension.swift */; };
		DFF9D0981D32379100D38ED8 /* NavigationController.swift in Sources */ = {isa = PBXBuildFile; fileRef = DFF9D0971D32379100D38ED8 /* NavigationController.swift */; };
/* End PBXBuildFile section */

/* Begin PBXContainerItemProxy section */
		DF1CDEEA1CF059100006B594 /* PBXContainerItemProxy */ = {
			isa = PBXContainerItemProxy;
			containerPortal = DF1CDE9B1CF046CE0006B594 /* Project object */;
			proxyType = 1;
			remoteGlobalIDString = DF1CDEA51CF047210006B594;
			remoteInfo = "Pandora-iOS";
		};
		DF1CDF111CF05AB60006B594 /* PBXContainerItemProxy */ = {
			isa = PBXContainerItemProxy;
			containerPortal = DF1CDE9B1CF046CE0006B594 /* Project object */;
			proxyType = 1;
			remoteGlobalIDString = DF1CDEC01CF0474E0006B594;
			remoteInfo = "Pandora-tvOS";
		};
/* End PBXContainerItemProxy section */

/* Begin PBXFileReference section */
		DF1CDEA61CF047210006B594 /* Pandora.framework */ = {isa = PBXFileReference; explicitFileType = wrapper.framework; includeInIndex = 0; path = Pandora.framework; sourceTree = BUILT_PRODUCTS_DIR; };
		DF1CDEB41CF047380006B594 /* Pandora.framework */ = {isa = PBXFileReference; explicitFileType = wrapper.framework; includeInIndex = 0; path = Pandora.framework; sourceTree = BUILT_PRODUCTS_DIR; };
		DF1CDEC11CF0474E0006B594 /* Pandora.framework */ = {isa = PBXFileReference; explicitFileType = wrapper.framework; includeInIndex = 0; path = Pandora.framework; sourceTree = BUILT_PRODUCTS_DIR; };
		DF1CDECA1CF047B60006B594 /* Info-iOS.plist */ = {isa = PBXFileReference; fileEncoding = 4; lastKnownFileType = text.plist.xml; path = "Info-iOS.plist"; sourceTree = "<group>"; };
		DF1CDECB1CF047B60006B594 /* Info-tvOS.plist */ = {isa = PBXFileReference; fileEncoding = 4; lastKnownFileType = text.plist.xml; path = "Info-tvOS.plist"; sourceTree = "<group>"; };
		DF1CDECC1CF047B60006B594 /* Info-watchOS.plist */ = {isa = PBXFileReference; fileEncoding = 4; lastKnownFileType = text.plist.xml; path = "Info-watchOS.plist"; sourceTree = "<group>"; };
		DF1CDED61CF0482B0006B594 /* Pandora.h */ = {isa = PBXFileReference; fileEncoding = 4; lastKnownFileType = sourcecode.c.h; path = Pandora.h; sourceTree = "<group>"; };
		DF1CDEDB1CF049B70006B594 /* README.md */ = {isa = PBXFileReference; fileEncoding = 4; lastKnownFileType = net.daringfireball.markdown; path = README.md; sourceTree = "<group>"; };
		DF1CDEDF1CF049D90006B594 /* LICENSE */ = {isa = PBXFileReference; lastKnownFileType = text; path = LICENSE; sourceTree = "<group>"; };
		DF1CDEE41CF059100006B594 /* Pandora-iOSTests.xctest */ = {isa = PBXFileReference; explicitFileType = wrapper.cfbundle; includeInIndex = 0; path = "Pandora-iOSTests.xctest"; sourceTree = BUILT_PRODUCTS_DIR; };
		DF1CDEE61CF059100006B594 /* Pandora_iOSTests.swift */ = {isa = PBXFileReference; lastKnownFileType = sourcecode.swift; path = Pandora_iOSTests.swift; sourceTree = "<group>"; };
		DF1CDEE81CF059100006B594 /* Info.plist */ = {isa = PBXFileReference; lastKnownFileType = text.plist.xml; path = Info.plist; sourceTree = "<group>"; };
		DF1CDEF31CF0593D0006B594 /* Pandora-Example.app */ = {isa = PBXFileReference; explicitFileType = wrapper.application; includeInIndex = 0; path = "Pandora-Example.app"; sourceTree = BUILT_PRODUCTS_DIR; };
		DF1CDEF51CF0593D0006B594 /* AppDelegate.swift */ = {isa = PBXFileReference; lastKnownFileType = sourcecode.swift; path = AppDelegate.swift; sourceTree = "<group>"; };
		DF1CDEF71CF0593D0006B594 /* FirstViewController.swift */ = {isa = PBXFileReference; lastKnownFileType = sourcecode.swift; path = FirstViewController.swift; sourceTree = "<group>"; };
		DF1CDEF91CF0593D0006B594 /* SecondViewController.swift */ = {isa = PBXFileReference; lastKnownFileType = sourcecode.swift; path = SecondViewController.swift; sourceTree = "<group>"; };
		DF1CDEFC1CF0593D0006B594 /* Base */ = {isa = PBXFileReference; lastKnownFileType = file.storyboard; name = Base; path = Base.lproj/Main.storyboard; sourceTree = "<group>"; };
		DF1CDEFE1CF0593D0006B594 /* Assets.xcassets */ = {isa = PBXFileReference; lastKnownFileType = folder.assetcatalog; path = Assets.xcassets; sourceTree = "<group>"; };
		DF1CDF011CF0593D0006B594 /* Base */ = {isa = PBXFileReference; lastKnownFileType = file.storyboard; name = Base; path = Base.lproj/LaunchScreen.storyboard; sourceTree = "<group>"; };
		DF1CDF031CF0593D0006B594 /* Info.plist */ = {isa = PBXFileReference; lastKnownFileType = text.plist.xml; path = Info.plist; sourceTree = "<group>"; };
		DF1CDF0B1CF05AB60006B594 /* Pandora-tvOSTests.xctest */ = {isa = PBXFileReference; explicitFileType = wrapper.cfbundle; includeInIndex = 0; path = "Pandora-tvOSTests.xctest"; sourceTree = BUILT_PRODUCTS_DIR; };
		DF1CDF0D1CF05AB60006B594 /* Pandora_tvOSTests.swift */ = {isa = PBXFileReference; lastKnownFileType = sourcecode.swift; path = Pandora_tvOSTests.swift; sourceTree = "<group>"; };
		DF1CDF0F1CF05AB60006B594 /* Info.plist */ = {isa = PBXFileReference; lastKnownFileType = text.plist.xml; path = Info.plist; sourceTree = "<group>"; };
		DF1CDF1C1CF05C070006B594 /* FlatUIColors.swift */ = {isa = PBXFileReference; fileEncoding = 4; lastKnownFileType = sourcecode.swift; path = FlatUIColors.swift; sourceTree = "<group>"; };
		DF1CDF201CF05C3C0006B594 /* Colors.swift */ = {isa = PBXFileReference; fileEncoding = 4; lastKnownFileType = sourcecode.swift; path = Colors.swift; sourceTree = "<group>"; };
		DF1CDF251CF05C620006B594 /* Coordinator.swift */ = {isa = PBXFileReference; fileEncoding = 4; lastKnownFileType = sourcecode.swift; path = Coordinator.swift; sourceTree = "<group>"; };
		DF1CDF2A1CF05CA80006B594 /* UIColorExtension.swift */ = {isa = PBXFileReference; fileEncoding = 4; lastKnownFileType = sourcecode.swift; path = UIColorExtension.swift; sourceTree = "<group>"; };
		DF1CDF2F1CF05CDC0006B594 /* ViewController.swift */ = {isa = PBXFileReference; fileEncoding = 4; lastKnownFileType = sourcecode.swift; path = ViewController.swift; sourceTree = "<group>"; };
		DF1CDF331CF05CFA0006B594 /* UITableView+Reusable.swift */ = {isa = PBXFileReference; fileEncoding = 4; lastKnownFileType = sourcecode.swift; path = "UITableView+Reusable.swift"; sourceTree = "<group>"; };
		DF1CDF3B1CF05DD10006B594 /* ApplicationDelegateUtils.swift */ = {isa = PBXFileReference; fileEncoding = 4; lastKnownFileType = sourcecode.swift; path = ApplicationDelegateUtils.swift; sourceTree = "<group>"; };
		DF1CDF3C1CF05DD10006B594 /* CGUtils.swift */ = {isa = PBXFileReference; fileEncoding = 4; lastKnownFileType = sourcecode.swift; path = CGUtils.swift; sourceTree = "<group>"; };
		DF1CDF3D1CF05DD10006B594 /* FontUtils.swift */ = {isa = PBXFileReference; fileEncoding = 4; lastKnownFileType = sourcecode.swift; path = FontUtils.swift; sourceTree = "<group>"; };
		DF1CDF3E1CF05DD10006B594 /* Localization.swift */ = {isa = PBXFileReference; fileEncoding = 4; lastKnownFileType = sourcecode.swift; path = Localization.swift; sourceTree = "<group>"; };
		DFF05F1B1CF8D89500E397C6 /* UIImageExtension.swift */ = {isa = PBXFileReference; fileEncoding = 4; lastKnownFileType = sourcecode.swift; path = UIImageExtension.swift; sourceTree = "<group>"; };
		DFF9D08E1D3230D900D38ED8 /* Pandora.podspec */ = {isa = PBXFileReference; lastKnownFileType = text; path = Pandora.podspec; sourceTree = "<group>"; };
		DFF9D0971D32379100D38ED8 /* NavigationController.swift */ = {isa = PBXFileReference; fileEncoding = 4; lastKnownFileType = sourcecode.swift; path = NavigationController.swift; sourceTree = "<group>"; };
/* End PBXFileReference section */

/* Begin PBXFrameworksBuildPhase section */
		DF1CDEA21CF047210006B594 /* Frameworks */ = {
			isa = PBXFrameworksBuildPhase;
			buildActionMask = 2147483647;
			files = (
			);
			runOnlyForDeploymentPostprocessing = 0;
		};
		DF1CDEB01CF047380006B594 /* Frameworks */ = {
			isa = PBXFrameworksBuildPhase;
			buildActionMask = 2147483647;
			files = (
			);
			runOnlyForDeploymentPostprocessing = 0;
		};
		DF1CDEBD1CF0474E0006B594 /* Frameworks */ = {
			isa = PBXFrameworksBuildPhase;
			buildActionMask = 2147483647;
			files = (
			);
			runOnlyForDeploymentPostprocessing = 0;
		};
		DF1CDEE11CF059100006B594 /* Frameworks */ = {
			isa = PBXFrameworksBuildPhase;
			buildActionMask = 2147483647;
			files = (
				DF1CDEE91CF059100006B594 /* Pandora.framework in Frameworks */,
			);
			runOnlyForDeploymentPostprocessing = 0;
		};
		DF1CDEF01CF0593D0006B594 /* Frameworks */ = {
			isa = PBXFrameworksBuildPhase;
			buildActionMask = 2147483647;
			files = (
			);
			runOnlyForDeploymentPostprocessing = 0;
		};
		DF1CDF081CF05AB60006B594 /* Frameworks */ = {
			isa = PBXFrameworksBuildPhase;
			buildActionMask = 2147483647;
			files = (
				DF1CDF101CF05AB60006B594 /* Pandora.framework in Frameworks */,
			);
			runOnlyForDeploymentPostprocessing = 0;
		};
/* End PBXFrameworksBuildPhase section */

/* Begin PBXGroup section */
		DF1CDE9A1CF046CE0006B594 = {
			isa = PBXGroup;
			children = (
				DF1CDEDA1CF049A90006B594 /* Metadata */,
				DF1CDEC91CF047630006B594 /* Sources */,
				DF1CDEF41CF0593D0006B594 /* Pandora-Example */,
				DF1CDEE51CF059100006B594 /* Pandora-iOSTests */,
				DF1CDF0C1CF05AB60006B594 /* Pandora-tvOSTests */,
				DF1CDEA71CF047210006B594 /* Products */,
			);
			indentWidth = 2;
			sourceTree = "<group>";
			tabWidth = 2;
		};
		DF1CDEA71CF047210006B594 /* Products */ = {
			isa = PBXGroup;
			children = (
				DF1CDEA61CF047210006B594 /* Pandora.framework */,
				DF1CDEB41CF047380006B594 /* Pandora.framework */,
				DF1CDEC11CF0474E0006B594 /* Pandora.framework */,
				DF1CDEE41CF059100006B594 /* Pandora-iOSTests.xctest */,
				DF1CDEF31CF0593D0006B594 /* Pandora-Example.app */,
				DF1CDF0B1CF05AB60006B594 /* Pandora-tvOSTests.xctest */,
			);
			name = Products;
			sourceTree = "<group>";
		};
		DF1CDEC91CF047630006B594 /* Sources */ = {
			isa = PBXGroup;
			children = (
				DF1CDF161CF05B900006B594 /* Themes */,
				DF1CDF241CF05C5A0006B594 /* Coordinator */,
				DF1CDF291CF05C960006B594 /* Extensions */,
				DF1CDF2E1CF05CD30006B594 /* UserInterface */,
				DF1CDF3A1CF05DD10006B594 /* Utils */,
				DF1CDED61CF0482B0006B594 /* Pandora.h */,
				DF1CDECA1CF047B60006B594 /* Info-iOS.plist */,
				DF1CDECB1CF047B60006B594 /* Info-tvOS.plist */,
				DF1CDECC1CF047B60006B594 /* Info-watchOS.plist */,
			);
			path = Sources;
			sourceTree = "<group>";
		};
		DF1CDEDA1CF049A90006B594 /* Metadata */ = {
			isa = PBXGroup;
			children = (
				DFF9D08E1D3230D900D38ED8 /* Pandora.podspec */,
				DF1CDEDF1CF049D90006B594 /* LICENSE */,
				DF1CDEDB1CF049B70006B594 /* README.md */,
			);
			name = Metadata;
			sourceTree = "<group>";
		};
		DF1CDEE51CF059100006B594 /* Pandora-iOSTests */ = {
			isa = PBXGroup;
			children = (
				DF1CDEE61CF059100006B594 /* Pandora_iOSTests.swift */,
				DF1CDEE81CF059100006B594 /* Info.plist */,
			);
			path = "Pandora-iOSTests";
			sourceTree = "<group>";
		};
		DF1CDEF41CF0593D0006B594 /* Pandora-Example */ = {
			isa = PBXGroup;
			children = (
				DF1CDEF51CF0593D0006B594 /* AppDelegate.swift */,
				DF1CDEF71CF0593D0006B594 /* FirstViewController.swift */,
				DF1CDEF91CF0593D0006B594 /* SecondViewController.swift */,
				DF1CDEFB1CF0593D0006B594 /* Main.storyboard */,
				DF1CDEFE1CF0593D0006B594 /* Assets.xcassets */,
				DF1CDF001CF0593D0006B594 /* LaunchScreen.storyboard */,
				DF1CDF031CF0593D0006B594 /* Info.plist */,
			);
			path = "Pandora-Example";
			sourceTree = "<group>";
		};
		DF1CDF0C1CF05AB60006B594 /* Pandora-tvOSTests */ = {
			isa = PBXGroup;
			children = (
				DF1CDF0D1CF05AB60006B594 /* Pandora_tvOSTests.swift */,
				DF1CDF0F1CF05AB60006B594 /* Info.plist */,
			);
			path = "Pandora-tvOSTests";
			sourceTree = "<group>";
		};
		DF1CDF161CF05B900006B594 /* Themes */ = {
			isa = PBXGroup;
			children = (
				DF1CDF1B1CF05BF20006B594 /* ColorPalettes */,
			);
			path = Themes;
			sourceTree = "<group>";
		};
		DF1CDF1B1CF05BF20006B594 /* ColorPalettes */ = {
			isa = PBXGroup;
			children = (
				DF1CDF201CF05C3C0006B594 /* Colors.swift */,
				DF1CDF1C1CF05C070006B594 /* FlatUIColors.swift */,
			);
			path = ColorPalettes;
			sourceTree = "<group>";
		};
		DF1CDF241CF05C5A0006B594 /* Coordinator */ = {
			isa = PBXGroup;
			children = (
				DF1CDF251CF05C620006B594 /* Coordinator.swift */,
			);
			path = Coordinator;
			sourceTree = "<group>";
		};
		DF1CDF291CF05C960006B594 /* Extensions */ = {
			isa = PBXGroup;
			children = (
				DFF05F1B1CF8D89500E397C6 /* UIImageExtension.swift */,
				DF1CDF2A1CF05CA80006B594 /* UIColorExtension.swift */,
			);
			path = Extensions;
			sourceTree = "<group>";
		};
		DF1CDF2E1CF05CD30006B594 /* UserInterface */ = {
			isa = PBXGroup;
			children = (
				DF1CDF2F1CF05CDC0006B594 /* ViewController.swift */,
				DFF9D0971D32379100D38ED8 /* NavigationController.swift */,
				DF1CDF331CF05CFA0006B594 /* UITableView+Reusable.swift */,
			);
			path = UserInterface;
			sourceTree = "<group>";
		};
		DF1CDF3A1CF05DD10006B594 /* Utils */ = {
			isa = PBXGroup;
			children = (
				DF1CDF3B1CF05DD10006B594 /* ApplicationDelegateUtils.swift */,
				DF1CDF3C1CF05DD10006B594 /* CGUtils.swift */,
				DF1CDF3D1CF05DD10006B594 /* FontUtils.swift */,
				DF1CDF3E1CF05DD10006B594 /* Localization.swift */,
			);
			path = Utils;
			sourceTree = "<group>";
		};
/* End PBXGroup section */

/* Begin PBXHeadersBuildPhase section */
		DF1CDEA31CF047210006B594 /* Headers */ = {
			isa = PBXHeadersBuildPhase;
			buildActionMask = 2147483647;
			files = (
				DF1CDF371CF05D3F0006B594 /* Pandora.h in Headers */,
			);
			runOnlyForDeploymentPostprocessing = 0;
		};
		DF1CDEB11CF047380006B594 /* Headers */ = {
			isa = PBXHeadersBuildPhase;
			buildActionMask = 2147483647;
			files = (
				DF1CDF381CF05D400006B594 /* Pandora.h in Headers */,
			);
			runOnlyForDeploymentPostprocessing = 0;
		};
		DF1CDEBE1CF0474E0006B594 /* Headers */ = {
			isa = PBXHeadersBuildPhase;
			buildActionMask = 2147483647;
			files = (
				DF1CDF391CF05D400006B594 /* Pandora.h in Headers */,
			);
			runOnlyForDeploymentPostprocessing = 0;
		};
/* End PBXHeadersBuildPhase section */

/* Begin PBXNativeTarget section */
		DF1CDEA51CF047210006B594 /* Pandora-iOS */ = {
			isa = PBXNativeTarget;
			buildConfigurationList = DF1CDEAC1CF047210006B594 /* Build configuration list for PBXNativeTarget "Pandora-iOS" */;
			buildPhases = (
				DF1CDEA11CF047210006B594 /* Sources */,
				DF1CDEA21CF047210006B594 /* Frameworks */,
				DF1CDEA31CF047210006B594 /* Headers */,
				DF1CDEA41CF047210006B594 /* Resources */,
			);
			buildRules = (
			);
			dependencies = (
			);
			name = "Pandora-iOS";
			productName = "Pandora-iOS";
			productReference = DF1CDEA61CF047210006B594 /* Pandora.framework */;
			productType = "com.apple.product-type.framework";
		};
		DF1CDEB31CF047380006B594 /* Pandora-watchOS */ = {
			isa = PBXNativeTarget;
			buildConfigurationList = DF1CDEB91CF047380006B594 /* Build configuration list for PBXNativeTarget "Pandora-watchOS" */;
			buildPhases = (
				DF1CDEAF1CF047380006B594 /* Sources */,
				DF1CDEB01CF047380006B594 /* Frameworks */,
				DF1CDEB11CF047380006B594 /* Headers */,
				DF1CDEB21CF047380006B594 /* Resources */,
			);
			buildRules = (
			);
			dependencies = (
			);
			name = "Pandora-watchOS";
			productName = "Pandora-watchOS";
			productReference = DF1CDEB41CF047380006B594 /* Pandora.framework */;
			productType = "com.apple.product-type.framework";
		};
		DF1CDEC01CF0474E0006B594 /* Pandora-tvOS */ = {
			isa = PBXNativeTarget;
			buildConfigurationList = DF1CDEC61CF0474E0006B594 /* Build configuration list for PBXNativeTarget "Pandora-tvOS" */;
			buildPhases = (
				DF1CDEBC1CF0474E0006B594 /* Sources */,
				DF1CDEBD1CF0474E0006B594 /* Frameworks */,
				DF1CDEBE1CF0474E0006B594 /* Headers */,
				DF1CDEBF1CF0474E0006B594 /* Resources */,
			);
			buildRules = (
			);
			dependencies = (
			);
			name = "Pandora-tvOS";
			productName = "Pandora-tvOS";
			productReference = DF1CDEC11CF0474E0006B594 /* Pandora.framework */;
			productType = "com.apple.product-type.framework";
		};
		DF1CDEE31CF059100006B594 /* Pandora-iOSTests */ = {
			isa = PBXNativeTarget;
			buildConfigurationList = DF1CDEEC1CF059100006B594 /* Build configuration list for PBXNativeTarget "Pandora-iOSTests" */;
			buildPhases = (
				DF1CDEE01CF059100006B594 /* Sources */,
				DF1CDEE11CF059100006B594 /* Frameworks */,
				DF1CDEE21CF059100006B594 /* Resources */,
			);
			buildRules = (
			);
			dependencies = (
				DF1CDEEB1CF059100006B594 /* PBXTargetDependency */,
			);
			name = "Pandora-iOSTests";
			productName = "Pandora-iOSTests";
			productReference = DF1CDEE41CF059100006B594 /* Pandora-iOSTests.xctest */;
			productType = "com.apple.product-type.bundle.unit-test";
		};
		DF1CDEF21CF0593D0006B594 /* Pandora-Example */ = {
			isa = PBXNativeTarget;
			buildConfigurationList = DF1CDF041CF0593D0006B594 /* Build configuration list for PBXNativeTarget "Pandora-Example" */;
			buildPhases = (
				DF1CDEEF1CF0593D0006B594 /* Sources */,
				DF1CDEF01CF0593D0006B594 /* Frameworks */,
				DF1CDEF11CF0593D0006B594 /* Resources */,
			);
			buildRules = (
			);
			dependencies = (
			);
			name = "Pandora-Example";
			productName = "Pandora-Example";
			productReference = DF1CDEF31CF0593D0006B594 /* Pandora-Example.app */;
			productType = "com.apple.product-type.application";
		};
		DF1CDF0A1CF05AB60006B594 /* Pandora-tvOSTests */ = {
			isa = PBXNativeTarget;
			buildConfigurationList = DF1CDF131CF05AB60006B594 /* Build configuration list for PBXNativeTarget "Pandora-tvOSTests" */;
			buildPhases = (
				DF1CDF071CF05AB60006B594 /* Sources */,
				DF1CDF081CF05AB60006B594 /* Frameworks */,
				DF1CDF091CF05AB60006B594 /* Resources */,
			);
			buildRules = (
			);
			dependencies = (
				DF1CDF121CF05AB60006B594 /* PBXTargetDependency */,
			);
			name = "Pandora-tvOSTests";
			productName = "Pandora-tvOSTests";
			productReference = DF1CDF0B1CF05AB60006B594 /* Pandora-tvOSTests.xctest */;
			productType = "com.apple.product-type.bundle.unit-test";
		};
/* End PBXNativeTarget section */

/* Begin PBXProject section */
		DF1CDE9B1CF046CE0006B594 /* Project object */ = {
			isa = PBXProject;
			attributes = {
				LastSwiftUpdateCheck = 0730;
				LastUpgradeCheck = 0810;
				TargetAttributes = {
					DF1CDEA51CF047210006B594 = {
						CreatedOnToolsVersion = 7.3;
						LastSwiftMigration = 0820;
					};
					DF1CDEB31CF047380006B594 = {
						CreatedOnToolsVersion = 7.3;
					};
					DF1CDEC01CF0474E0006B594 = {
						CreatedOnToolsVersion = 7.3;
					};
					DF1CDEE31CF059100006B594 = {
						CreatedOnToolsVersion = 7.3;
					};
					DF1CDEF21CF0593D0006B594 = {
						CreatedOnToolsVersion = 7.3;
						LastSwiftMigration = 0810;
					};
					DF1CDF0A1CF05AB60006B594 = {
						CreatedOnToolsVersion = 7.3;
					};
				};
			};
			buildConfigurationList = DF1CDE9E1CF046CE0006B594 /* Build configuration list for PBXProject "Pandora" */;
			compatibilityVersion = "Xcode 3.2";
			developmentRegion = English;
			hasScannedForEncodings = 0;
			knownRegions = (
				en,
				Base,
			);
			mainGroup = DF1CDE9A1CF046CE0006B594;
			productRefGroup = DF1CDEA71CF047210006B594 /* Products */;
			projectDirPath = "";
			projectRoot = "";
			targets = (
				DF1CDEA51CF047210006B594 /* Pandora-iOS */,
				DF1CDEB31CF047380006B594 /* Pandora-watchOS */,
				DF1CDEC01CF0474E0006B594 /* Pandora-tvOS */,
				DF1CDEE31CF059100006B594 /* Pandora-iOSTests */,
				DF1CDEF21CF0593D0006B594 /* Pandora-Example */,
				DF1CDF0A1CF05AB60006B594 /* Pandora-tvOSTests */,
			);
		};
/* End PBXProject section */

/* Begin PBXResourcesBuildPhase section */
		DF1CDEA41CF047210006B594 /* Resources */ = {
			isa = PBXResourcesBuildPhase;
			buildActionMask = 2147483647;
			files = (
			);
			runOnlyForDeploymentPostprocessing = 0;
		};
		DF1CDEB21CF047380006B594 /* Resources */ = {
			isa = PBXResourcesBuildPhase;
			buildActionMask = 2147483647;
			files = (
			);
			runOnlyForDeploymentPostprocessing = 0;
		};
		DF1CDEBF1CF0474E0006B594 /* Resources */ = {
			isa = PBXResourcesBuildPhase;
			buildActionMask = 2147483647;
			files = (
			);
			runOnlyForDeploymentPostprocessing = 0;
		};
		DF1CDEE21CF059100006B594 /* Resources */ = {
			isa = PBXResourcesBuildPhase;
			buildActionMask = 2147483647;
			files = (
			);
			runOnlyForDeploymentPostprocessing = 0;
		};
		DF1CDEF11CF0593D0006B594 /* Resources */ = {
			isa = PBXResourcesBuildPhase;
			buildActionMask = 2147483647;
			files = (
				DF1CDF021CF0593D0006B594 /* LaunchScreen.storyboard in Resources */,
				DF1CDEFF1CF0593D0006B594 /* Assets.xcassets in Resources */,
				DF1CDEFD1CF0593D0006B594 /* Main.storyboard in Resources */,
			);
			runOnlyForDeploymentPostprocessing = 0;
		};
		DF1CDF091CF05AB60006B594 /* Resources */ = {
			isa = PBXResourcesBuildPhase;
			buildActionMask = 2147483647;
			files = (
			);
			runOnlyForDeploymentPostprocessing = 0;
		};
/* End PBXResourcesBuildPhase section */

/* Begin PBXSourcesBuildPhase section */
		DF1CDEA11CF047210006B594 /* Sources */ = {
			isa = PBXSourcesBuildPhase;
			buildActionMask = 2147483647;
			files = (
				DFF9D0981D32379100D38ED8 /* NavigationController.swift in Sources */,
				DF1CDF301CF05CDC0006B594 /* ViewController.swift in Sources */,
				DF1CDF261CF05C620006B594 /* Coordinator.swift in Sources */,
				DF1CDF1D1CF05C070006B594 /* FlatUIColors.swift in Sources */,
				DF1CDF421CF05DD10006B594 /* CGUtils.swift in Sources */,
				DF1CDF451CF05DD10006B594 /* FontUtils.swift in Sources */,
				DF1CDF2B1CF05CA80006B594 /* UIColorExtension.swift in Sources */,
				DF1CDF481CF05DD10006B594 /* Localization.swift in Sources */,
				DF1CDF341CF05CFA0006B594 /* UITableView+Reusable.swift in Sources */,
				DF1CDF211CF05C3C0006B594 /* Colors.swift in Sources */,
				DF1CDF3F1CF05DD10006B594 /* ApplicationDelegateUtils.swift in Sources */,
				DF68A84B1E784B500075CE70 /* UIImageExtension.swift in Sources */,
			);
			runOnlyForDeploymentPostprocessing = 0;
		};
		DF1CDEAF1CF047380006B594 /* Sources */ = {
			isa = PBXSourcesBuildPhase;
			buildActionMask = 2147483647;
			files = (
				DF1CDF1E1CF05C070006B594 /* FlatUIColors.swift in Sources */,
				DF1CDF431CF05DD10006B594 /* CGUtils.swift in Sources */,
				DF68A84C1E784B540075CE70 /* UIImageExtension.swift in Sources */,
				DF1CDF461CF05DD10006B594 /* FontUtils.swift in Sources */,
				DF1CDF2C1CF05CA80006B594 /* UIColorExtension.swift in Sources */,
				DF1CDF491CF05DD10006B594 /* Localization.swift in Sources */,
				DF1CDF221CF05C3C0006B594 /* Colors.swift in Sources */,
			);
			runOnlyForDeploymentPostprocessing = 0;
		};
		DF1CDEBC1CF0474E0006B594 /* Sources */ = {
			isa = PBXSourcesBuildPhase;
			buildActionMask = 2147483647;
			files = (
				DF1CDF321CF05CDC0006B594 /* ViewController.swift in Sources */,
				DF1CDF281CF05C620006B594 /* Coordinator.swift in Sources */,
				DF1CDF1F1CF05C070006B594 /* FlatUIColors.swift in Sources */,
				DF1CDF441CF05DD10006B594 /* CGUtils.swift in Sources */,
				DF68A84D1E784B540075CE70 /* UIImageExtension.swift in Sources */,
				DF1CDF471CF05DD10006B594 /* FontUtils.swift in Sources */,
				DF1CDF2D1CF05CA80006B594 /* UIColorExtension.swift in Sources */,
				DF1CDF4A1CF05DD10006B594 /* Localization.swift in Sources */,
				DF1CDF361CF05CFA0006B594 /* UITableView+Reusable.swift in Sources */,
				DF1CDF231CF05C3C0006B594 /* Colors.swift in Sources */,
				DF1CDF411CF05DD10006B594 /* ApplicationDelegateUtils.swift in Sources */,
			);
			runOnlyForDeploymentPostprocessing = 0;
		};
		DF1CDEE01CF059100006B594 /* Sources */ = {
			isa = PBXSourcesBuildPhase;
			buildActionMask = 2147483647;
			files = (
				DF1CDEE71CF059100006B594 /* Pandora_iOSTests.swift in Sources */,
			);
			runOnlyForDeploymentPostprocessing = 0;
		};
		DF1CDEEF1CF0593D0006B594 /* Sources */ = {
			isa = PBXSourcesBuildPhase;
			buildActionMask = 2147483647;
			files = (
				DF1CDEFA1CF0593D0006B594 /* SecondViewController.swift in Sources */,
				DF1CDEF61CF0593D0006B594 /* AppDelegate.swift in Sources */,
				DF1CDEF81CF0593D0006B594 /* FirstViewController.swift in Sources */,
			);
			runOnlyForDeploymentPostprocessing = 0;
		};
		DF1CDF071CF05AB60006B594 /* Sources */ = {
			isa = PBXSourcesBuildPhase;
			buildActionMask = 2147483647;
			files = (
				DF1CDF0E1CF05AB60006B594 /* Pandora_tvOSTests.swift in Sources */,
			);
			runOnlyForDeploymentPostprocessing = 0;
		};
/* End PBXSourcesBuildPhase section */

/* Begin PBXTargetDependency section */
		DF1CDEEB1CF059100006B594 /* PBXTargetDependency */ = {
			isa = PBXTargetDependency;
			target = DF1CDEA51CF047210006B594 /* Pandora-iOS */;
			targetProxy = DF1CDEEA1CF059100006B594 /* PBXContainerItemProxy */;
		};
		DF1CDF121CF05AB60006B594 /* PBXTargetDependency */ = {
			isa = PBXTargetDependency;
			target = DF1CDEC01CF0474E0006B594 /* Pandora-tvOS */;
			targetProxy = DF1CDF111CF05AB60006B594 /* PBXContainerItemProxy */;
		};
/* End PBXTargetDependency section */

/* Begin PBXVariantGroup section */
		DF1CDEFB1CF0593D0006B594 /* Main.storyboard */ = {
			isa = PBXVariantGroup;
			children = (
				DF1CDEFC1CF0593D0006B594 /* Base */,
			);
			name = Main.storyboard;
			sourceTree = "<group>";
		};
		DF1CDF001CF0593D0006B594 /* LaunchScreen.storyboard */ = {
			isa = PBXVariantGroup;
			children = (
				DF1CDF011CF0593D0006B594 /* Base */,
			);
			name = LaunchScreen.storyboard;
			sourceTree = "<group>";
		};
/* End PBXVariantGroup section */

/* Begin XCBuildConfiguration section */
		DF1CDE9F1CF046CE0006B594 /* Debug */ = {
			isa = XCBuildConfiguration;
			buildSettings = {
				CLANG_WARN_BOOL_CONVERSION = YES;
				CLANG_WARN_CONSTANT_CONVERSION = YES;
				CLANG_WARN_EMPTY_BODY = YES;
				CLANG_WARN_ENUM_CONVERSION = YES;
				CLANG_WARN_INFINITE_RECURSION = YES;
				CLANG_WARN_INT_CONVERSION = YES;
				CLANG_WARN_SUSPICIOUS_MOVE = YES;
				CLANG_WARN_UNREACHABLE_CODE = YES;
				CLANG_WARN__DUPLICATE_METHOD_MATCH = YES;
				ENABLE_STRICT_OBJC_MSGSEND = YES;
				ENABLE_TESTABILITY = YES;
				GCC_NO_COMMON_BLOCKS = YES;
				GCC_WARN_64_TO_32_BIT_CONVERSION = YES;
				GCC_WARN_ABOUT_RETURN_TYPE = YES;
				GCC_WARN_UNDECLARED_SELECTOR = YES;
				GCC_WARN_UNINITIALIZED_AUTOS = YES;
				GCC_WARN_UNUSED_FUNCTION = YES;
				GCC_WARN_UNUSED_VARIABLE = YES;
				IPHONEOS_DEPLOYMENT_TARGET = 9.3;
				ONLY_ACTIVE_ARCH = YES;
			};
			name = Debug;
		};
		DF1CDEA01CF046CE0006B594 /* Release */ = {
			isa = XCBuildConfiguration;
			buildSettings = {
				CLANG_WARN_BOOL_CONVERSION = YES;
				CLANG_WARN_CONSTANT_CONVERSION = YES;
				CLANG_WARN_EMPTY_BODY = YES;
				CLANG_WARN_ENUM_CONVERSION = YES;
				CLANG_WARN_INFINITE_RECURSION = YES;
				CLANG_WARN_INT_CONVERSION = YES;
				CLANG_WARN_SUSPICIOUS_MOVE = YES;
				CLANG_WARN_UNREACHABLE_CODE = YES;
				CLANG_WARN__DUPLICATE_METHOD_MATCH = YES;
				ENABLE_STRICT_OBJC_MSGSEND = YES;
				GCC_NO_COMMON_BLOCKS = YES;
				GCC_WARN_64_TO_32_BIT_CONVERSION = YES;
				GCC_WARN_ABOUT_RETURN_TYPE = YES;
				GCC_WARN_UNDECLARED_SELECTOR = YES;
				GCC_WARN_UNINITIALIZED_AUTOS = YES;
				GCC_WARN_UNUSED_FUNCTION = YES;
				GCC_WARN_UNUSED_VARIABLE = YES;
				IPHONEOS_DEPLOYMENT_TARGET = 9.3;
				SWIFT_OPTIMIZATION_LEVEL = "-Owholemodule";
			};
			name = Release;
		};
		DF1CDEAD1CF047210006B594 /* Debug */ = {
			isa = XCBuildConfiguration;
			buildSettings = {
				ALWAYS_SEARCH_USER_PATHS = NO;
				CLANG_ANALYZER_NONNULL = YES;
				CLANG_CXX_LANGUAGE_STANDARD = "gnu++0x";
				CLANG_CXX_LIBRARY = "libc++";
				CLANG_ENABLE_MODULES = YES;
				CLANG_ENABLE_OBJC_ARC = YES;
				CLANG_WARN_BOOL_CONVERSION = YES;
				CLANG_WARN_CONSTANT_CONVERSION = YES;
				CLANG_WARN_DIRECT_OBJC_ISA_USAGE = YES_ERROR;
				CLANG_WARN_EMPTY_BODY = YES;
				CLANG_WARN_ENUM_CONVERSION = YES;
				CLANG_WARN_INT_CONVERSION = YES;
				CLANG_WARN_OBJC_ROOT_CLASS = YES_ERROR;
				CLANG_WARN_UNREACHABLE_CODE = YES;
				CLANG_WARN__DUPLICATE_METHOD_MATCH = YES;
				"CODE_SIGN_IDENTITY[sdk=iphoneos*]" = "";
				COPY_PHASE_STRIP = NO;
				CURRENT_PROJECT_VERSION = 1;
				DEBUG_INFORMATION_FORMAT = dwarf;
				DEFINES_MODULE = YES;
				DYLIB_COMPATIBILITY_VERSION = 1;
				DYLIB_CURRENT_VERSION = 1;
				DYLIB_INSTALL_NAME_BASE = "@rpath";
				ENABLE_STRICT_OBJC_MSGSEND = YES;
				ENABLE_TESTABILITY = YES;
				GCC_C_LANGUAGE_STANDARD = gnu99;
				GCC_DYNAMIC_NO_PIC = NO;
				GCC_NO_COMMON_BLOCKS = YES;
				GCC_OPTIMIZATION_LEVEL = 0;
				GCC_PREPROCESSOR_DEFINITIONS = (
					"DEBUG=1",
					"$(inherited)",
				);
				GCC_WARN_64_TO_32_BIT_CONVERSION = YES;
				GCC_WARN_ABOUT_RETURN_TYPE = YES_ERROR;
				GCC_WARN_UNDECLARED_SELECTOR = YES;
				GCC_WARN_UNINITIALIZED_AUTOS = YES_AGGRESSIVE;
				GCC_WARN_UNUSED_FUNCTION = YES;
				GCC_WARN_UNUSED_VARIABLE = YES;
				INFOPLIST_FILE = "Sources/Info-iOS.plist";
				INSTALL_PATH = "$(LOCAL_LIBRARY_DIR)/Frameworks";
				IPHONEOS_DEPLOYMENT_TARGET = 9.3;
				LD_RUNPATH_SEARCH_PATHS = "$(inherited) @executable_path/Frameworks @loader_path/Frameworks";
				MTL_ENABLE_DEBUG_INFO = YES;
				ONLY_ACTIVE_ARCH = YES;
				PRODUCT_BUNDLE_IDENTIFIER = "org.projectserver.Pandora-iOS";
				PRODUCT_NAME = Pandora;
				SDKROOT = iphoneos;
				SKIP_INSTALL = YES;
				SWIFT_OPTIMIZATION_LEVEL = "-Onone";
				SWIFT_VERSION = 3.0;
				TARGETED_DEVICE_FAMILY = "1,2";
				VERSIONING_SYSTEM = "apple-generic";
				VERSION_INFO_PREFIX = "";
			};
			name = Debug;
		};
		DF1CDEAE1CF047210006B594 /* Release */ = {
			isa = XCBuildConfiguration;
			buildSettings = {
				ALWAYS_SEARCH_USER_PATHS = NO;
				CLANG_ANALYZER_NONNULL = YES;
				CLANG_CXX_LANGUAGE_STANDARD = "gnu++0x";
				CLANG_CXX_LIBRARY = "libc++";
				CLANG_ENABLE_MODULES = YES;
				CLANG_ENABLE_OBJC_ARC = YES;
				CLANG_WARN_BOOL_CONVERSION = YES;
				CLANG_WARN_CONSTANT_CONVERSION = YES;
				CLANG_WARN_DIRECT_OBJC_ISA_USAGE = YES_ERROR;
				CLANG_WARN_EMPTY_BODY = YES;
				CLANG_WARN_ENUM_CONVERSION = YES;
				CLANG_WARN_INT_CONVERSION = YES;
				CLANG_WARN_OBJC_ROOT_CLASS = YES_ERROR;
				CLANG_WARN_UNREACHABLE_CODE = YES;
				CLANG_WARN__DUPLICATE_METHOD_MATCH = YES;
				"CODE_SIGN_IDENTITY[sdk=iphoneos*]" = "";
				COPY_PHASE_STRIP = NO;
				CURRENT_PROJECT_VERSION = 1;
				DEBUG_INFORMATION_FORMAT = "dwarf-with-dsym";
				DEFINES_MODULE = YES;
				DYLIB_COMPATIBILITY_VERSION = 1;
				DYLIB_CURRENT_VERSION = 1;
				DYLIB_INSTALL_NAME_BASE = "@rpath";
				ENABLE_NS_ASSERTIONS = NO;
				ENABLE_STRICT_OBJC_MSGSEND = YES;
				GCC_C_LANGUAGE_STANDARD = gnu99;
				GCC_NO_COMMON_BLOCKS = YES;
				GCC_WARN_64_TO_32_BIT_CONVERSION = YES;
				GCC_WARN_ABOUT_RETURN_TYPE = YES_ERROR;
				GCC_WARN_UNDECLARED_SELECTOR = YES;
				GCC_WARN_UNINITIALIZED_AUTOS = YES_AGGRESSIVE;
				GCC_WARN_UNUSED_FUNCTION = YES;
				GCC_WARN_UNUSED_VARIABLE = YES;
				INFOPLIST_FILE = "Sources/Info-iOS.plist";
				INSTALL_PATH = "$(LOCAL_LIBRARY_DIR)/Frameworks";
				IPHONEOS_DEPLOYMENT_TARGET = 9.3;
				LD_RUNPATH_SEARCH_PATHS = "$(inherited) @executable_path/Frameworks @loader_path/Frameworks";
				MTL_ENABLE_DEBUG_INFO = NO;
				PRODUCT_BUNDLE_IDENTIFIER = "org.projectserver.Pandora-iOS";
				PRODUCT_NAME = Pandora;
				SDKROOT = iphoneos;
				SKIP_INSTALL = YES;
				SWIFT_VERSION = 3.0;
				TARGETED_DEVICE_FAMILY = "1,2";
				VALIDATE_PRODUCT = YES;
				VERSIONING_SYSTEM = "apple-generic";
				VERSION_INFO_PREFIX = "";
			};
			name = Release;
		};
		DF1CDEBA1CF047380006B594 /* Debug */ = {
			isa = XCBuildConfiguration;
			buildSettings = {
				ALWAYS_SEARCH_USER_PATHS = NO;
				APPLICATION_EXTENSION_API_ONLY = YES;
				CLANG_ANALYZER_NONNULL = YES;
				CLANG_CXX_LANGUAGE_STANDARD = "gnu++0x";
				CLANG_CXX_LIBRARY = "libc++";
				CLANG_ENABLE_MODULES = YES;
				CLANG_ENABLE_OBJC_ARC = YES;
				CLANG_WARN_BOOL_CONVERSION = YES;
				CLANG_WARN_CONSTANT_CONVERSION = YES;
				CLANG_WARN_DIRECT_OBJC_ISA_USAGE = YES_ERROR;
				CLANG_WARN_EMPTY_BODY = YES;
				CLANG_WARN_ENUM_CONVERSION = YES;
				CLANG_WARN_INT_CONVERSION = YES;
				CLANG_WARN_OBJC_ROOT_CLASS = YES_ERROR;
				CLANG_WARN_UNREACHABLE_CODE = YES;
				CLANG_WARN__DUPLICATE_METHOD_MATCH = YES;
				"CODE_SIGN_IDENTITY[sdk=watchos*]" = "";
				COPY_PHASE_STRIP = NO;
				CURRENT_PROJECT_VERSION = 1;
				DEBUG_INFORMATION_FORMAT = dwarf;
				DEFINES_MODULE = YES;
				DYLIB_COMPATIBILITY_VERSION = 1;
				DYLIB_CURRENT_VERSION = 1;
				DYLIB_INSTALL_NAME_BASE = "@rpath";
				ENABLE_STRICT_OBJC_MSGSEND = YES;
				ENABLE_TESTABILITY = YES;
				GCC_C_LANGUAGE_STANDARD = gnu99;
				GCC_DYNAMIC_NO_PIC = NO;
				GCC_NO_COMMON_BLOCKS = YES;
				GCC_OPTIMIZATION_LEVEL = 0;
				GCC_PREPROCESSOR_DEFINITIONS = (
					"DEBUG=1",
					"$(inherited)",
				);
				GCC_WARN_64_TO_32_BIT_CONVERSION = YES;
				GCC_WARN_ABOUT_RETURN_TYPE = YES_ERROR;
				GCC_WARN_UNDECLARED_SELECTOR = YES;
				GCC_WARN_UNINITIALIZED_AUTOS = YES_AGGRESSIVE;
				GCC_WARN_UNUSED_FUNCTION = YES;
				GCC_WARN_UNUSED_VARIABLE = YES;
				INFOPLIST_FILE = "Sources/Info-watchOS.plist";
				INSTALL_PATH = "$(LOCAL_LIBRARY_DIR)/Frameworks";
				LD_RUNPATH_SEARCH_PATHS = "$(inherited) @executable_path/Frameworks @loader_path/Frameworks";
				MTL_ENABLE_DEBUG_INFO = YES;
				ONLY_ACTIVE_ARCH = YES;
				PRODUCT_BUNDLE_IDENTIFIER = "org.projectserver.Pandora-watchOS";
				PRODUCT_NAME = Pandora;
				SDKROOT = watchos;
				SKIP_INSTALL = YES;
				SWIFT_OPTIMIZATION_LEVEL = "-Onone";
				TARGETED_DEVICE_FAMILY = 4;
				VERSIONING_SYSTEM = "apple-generic";
				VERSION_INFO_PREFIX = "";
				WATCHOS_DEPLOYMENT_TARGET = 2.2;
			};
			name = Debug;
		};
		DF1CDEBB1CF047380006B594 /* Release */ = {
			isa = XCBuildConfiguration;
			buildSettings = {
				ALWAYS_SEARCH_USER_PATHS = NO;
				APPLICATION_EXTENSION_API_ONLY = YES;
				CLANG_ANALYZER_NONNULL = YES;
				CLANG_CXX_LANGUAGE_STANDARD = "gnu++0x";
				CLANG_CXX_LIBRARY = "libc++";
				CLANG_ENABLE_MODULES = YES;
				CLANG_ENABLE_OBJC_ARC = YES;
				CLANG_WARN_BOOL_CONVERSION = YES;
				CLANG_WARN_CONSTANT_CONVERSION = YES;
				CLANG_WARN_DIRECT_OBJC_ISA_USAGE = YES_ERROR;
				CLANG_WARN_EMPTY_BODY = YES;
				CLANG_WARN_ENUM_CONVERSION = YES;
				CLANG_WARN_INT_CONVERSION = YES;
				CLANG_WARN_OBJC_ROOT_CLASS = YES_ERROR;
				CLANG_WARN_UNREACHABLE_CODE = YES;
				CLANG_WARN__DUPLICATE_METHOD_MATCH = YES;
				"CODE_SIGN_IDENTITY[sdk=watchos*]" = "";
				COPY_PHASE_STRIP = NO;
				CURRENT_PROJECT_VERSION = 1;
				DEBUG_INFORMATION_FORMAT = "dwarf-with-dsym";
				DEFINES_MODULE = YES;
				DYLIB_COMPATIBILITY_VERSION = 1;
				DYLIB_CURRENT_VERSION = 1;
				DYLIB_INSTALL_NAME_BASE = "@rpath";
				ENABLE_NS_ASSERTIONS = NO;
				ENABLE_STRICT_OBJC_MSGSEND = YES;
				GCC_C_LANGUAGE_STANDARD = gnu99;
				GCC_NO_COMMON_BLOCKS = YES;
				GCC_WARN_64_TO_32_BIT_CONVERSION = YES;
				GCC_WARN_ABOUT_RETURN_TYPE = YES_ERROR;
				GCC_WARN_UNDECLARED_SELECTOR = YES;
				GCC_WARN_UNINITIALIZED_AUTOS = YES_AGGRESSIVE;
				GCC_WARN_UNUSED_FUNCTION = YES;
				GCC_WARN_UNUSED_VARIABLE = YES;
				INFOPLIST_FILE = "Sources/Info-watchOS.plist";
				INSTALL_PATH = "$(LOCAL_LIBRARY_DIR)/Frameworks";
				LD_RUNPATH_SEARCH_PATHS = "$(inherited) @executable_path/Frameworks @loader_path/Frameworks";
				MTL_ENABLE_DEBUG_INFO = NO;
				PRODUCT_BUNDLE_IDENTIFIER = "org.projectserver.Pandora-watchOS";
				PRODUCT_NAME = Pandora;
				SDKROOT = watchos;
				SKIP_INSTALL = YES;
				TARGETED_DEVICE_FAMILY = 4;
				VALIDATE_PRODUCT = YES;
				VERSIONING_SYSTEM = "apple-generic";
				VERSION_INFO_PREFIX = "";
				WATCHOS_DEPLOYMENT_TARGET = 2.2;
			};
			name = Release;
		};
		DF1CDEC71CF0474E0006B594 /* Debug */ = {
			isa = XCBuildConfiguration;
			buildSettings = {
				ALWAYS_SEARCH_USER_PATHS = NO;
				CLANG_ANALYZER_NONNULL = YES;
				CLANG_CXX_LANGUAGE_STANDARD = "gnu++0x";
				CLANG_CXX_LIBRARY = "libc++";
				CLANG_ENABLE_MODULES = YES;
				CLANG_ENABLE_OBJC_ARC = YES;
				CLANG_WARN_BOOL_CONVERSION = YES;
				CLANG_WARN_CONSTANT_CONVERSION = YES;
				CLANG_WARN_DIRECT_OBJC_ISA_USAGE = YES_ERROR;
				CLANG_WARN_EMPTY_BODY = YES;
				CLANG_WARN_ENUM_CONVERSION = YES;
				CLANG_WARN_INT_CONVERSION = YES;
				CLANG_WARN_OBJC_ROOT_CLASS = YES_ERROR;
				CLANG_WARN_UNREACHABLE_CODE = YES;
				CLANG_WARN__DUPLICATE_METHOD_MATCH = YES;
				"CODE_SIGN_IDENTITY[sdk=appletvos*]" = "";
				COPY_PHASE_STRIP = NO;
				CURRENT_PROJECT_VERSION = 1;
				DEBUG_INFORMATION_FORMAT = dwarf;
				DEFINES_MODULE = YES;
				DYLIB_COMPATIBILITY_VERSION = 1;
				DYLIB_CURRENT_VERSION = 1;
				DYLIB_INSTALL_NAME_BASE = "@rpath";
				ENABLE_STRICT_OBJC_MSGSEND = YES;
				ENABLE_TESTABILITY = YES;
				GCC_C_LANGUAGE_STANDARD = gnu99;
				GCC_DYNAMIC_NO_PIC = NO;
				GCC_NO_COMMON_BLOCKS = YES;
				GCC_OPTIMIZATION_LEVEL = 0;
				GCC_PREPROCESSOR_DEFINITIONS = (
					"DEBUG=1",
					"$(inherited)",
				);
				GCC_WARN_64_TO_32_BIT_CONVERSION = YES;
				GCC_WARN_ABOUT_RETURN_TYPE = YES_ERROR;
				GCC_WARN_UNDECLARED_SELECTOR = YES;
				GCC_WARN_UNINITIALIZED_AUTOS = YES_AGGRESSIVE;
				GCC_WARN_UNUSED_FUNCTION = YES;
				GCC_WARN_UNUSED_VARIABLE = YES;
				INFOPLIST_FILE = "Sources/Info-tvOS.plist";
				INSTALL_PATH = "$(LOCAL_LIBRARY_DIR)/Frameworks";
				LD_RUNPATH_SEARCH_PATHS = "$(inherited) @executable_path/Frameworks @loader_path/Frameworks";
				MTL_ENABLE_DEBUG_INFO = YES;
				ONLY_ACTIVE_ARCH = YES;
				PRODUCT_BUNDLE_IDENTIFIER = "org.projectserver.Pandora-tvOS";
				PRODUCT_NAME = Pandora;
				SDKROOT = appletvos;
				SKIP_INSTALL = YES;
				SWIFT_OPTIMIZATION_LEVEL = "-Onone";
				TARGETED_DEVICE_FAMILY = 3;
				TVOS_DEPLOYMENT_TARGET = 9.2;
				VERSIONING_SYSTEM = "apple-generic";
				VERSION_INFO_PREFIX = "";
			};
			name = Debug;
		};
		DF1CDEC81CF0474E0006B594 /* Release */ = {
			isa = XCBuildConfiguration;
			buildSettings = {
				ALWAYS_SEARCH_USER_PATHS = NO;
				CLANG_ANALYZER_NONNULL = YES;
				CLANG_CXX_LANGUAGE_STANDARD = "gnu++0x";
				CLANG_CXX_LIBRARY = "libc++";
				CLANG_ENABLE_MODULES = YES;
				CLANG_ENABLE_OBJC_ARC = YES;
				CLANG_WARN_BOOL_CONVERSION = YES;
				CLANG_WARN_CONSTANT_CONVERSION = YES;
				CLANG_WARN_DIRECT_OBJC_ISA_USAGE = YES_ERROR;
				CLANG_WARN_EMPTY_BODY = YES;
				CLANG_WARN_ENUM_CONVERSION = YES;
				CLANG_WARN_INT_CONVERSION = YES;
				CLANG_WARN_OBJC_ROOT_CLASS = YES_ERROR;
				CLANG_WARN_UNREACHABLE_CODE = YES;
				CLANG_WARN__DUPLICATE_METHOD_MATCH = YES;
				"CODE_SIGN_IDENTITY[sdk=appletvos*]" = "";
				COPY_PHASE_STRIP = NO;
				CURRENT_PROJECT_VERSION = 1;
				DEBUG_INFORMATION_FORMAT = "dwarf-with-dsym";
				DEFINES_MODULE = YES;
				DYLIB_COMPATIBILITY_VERSION = 1;
				DYLIB_CURRENT_VERSION = 1;
				DYLIB_INSTALL_NAME_BASE = "@rpath";
				ENABLE_NS_ASSERTIONS = NO;
				ENABLE_STRICT_OBJC_MSGSEND = YES;
				GCC_C_LANGUAGE_STANDARD = gnu99;
				GCC_NO_COMMON_BLOCKS = YES;
				GCC_WARN_64_TO_32_BIT_CONVERSION = YES;
				GCC_WARN_ABOUT_RETURN_TYPE = YES_ERROR;
				GCC_WARN_UNDECLARED_SELECTOR = YES;
				GCC_WARN_UNINITIALIZED_AUTOS = YES_AGGRESSIVE;
				GCC_WARN_UNUSED_FUNCTION = YES;
				GCC_WARN_UNUSED_VARIABLE = YES;
				INFOPLIST_FILE = "Sources/Info-tvOS.plist";
				INSTALL_PATH = "$(LOCAL_LIBRARY_DIR)/Frameworks";
				LD_RUNPATH_SEARCH_PATHS = "$(inherited) @executable_path/Frameworks @loader_path/Frameworks";
				MTL_ENABLE_DEBUG_INFO = NO;
				PRODUCT_BUNDLE_IDENTIFIER = "org.projectserver.Pandora-tvOS";
				PRODUCT_NAME = Pandora;
				SDKROOT = appletvos;
				SKIP_INSTALL = YES;
				TARGETED_DEVICE_FAMILY = 3;
				TVOS_DEPLOYMENT_TARGET = 9.2;
				VALIDATE_PRODUCT = YES;
				VERSIONING_SYSTEM = "apple-generic";
				VERSION_INFO_PREFIX = "";
			};
			name = Release;
		};
		DF1CDEED1CF059100006B594 /* Debug */ = {
			isa = XCBuildConfiguration;
			buildSettings = {
				ALWAYS_SEARCH_USER_PATHS = NO;
				CLANG_ANALYZER_NONNULL = YES;
				CLANG_CXX_LANGUAGE_STANDARD = "gnu++0x";
				CLANG_CXX_LIBRARY = "libc++";
				CLANG_ENABLE_MODULES = YES;
				CLANG_ENABLE_OBJC_ARC = YES;
				CLANG_WARN_BOOL_CONVERSION = YES;
				CLANG_WARN_CONSTANT_CONVERSION = YES;
				CLANG_WARN_DIRECT_OBJC_ISA_USAGE = YES_ERROR;
				CLANG_WARN_EMPTY_BODY = YES;
				CLANG_WARN_ENUM_CONVERSION = YES;
				CLANG_WARN_INT_CONVERSION = YES;
				CLANG_WARN_OBJC_ROOT_CLASS = YES_ERROR;
				CLANG_WARN_UNREACHABLE_CODE = YES;
				CLANG_WARN__DUPLICATE_METHOD_MATCH = YES;
				"CODE_SIGN_IDENTITY[sdk=iphoneos*]" = "iPhone Developer";
				COPY_PHASE_STRIP = NO;
				DEBUG_INFORMATION_FORMAT = dwarf;
				ENABLE_STRICT_OBJC_MSGSEND = YES;
				ENABLE_TESTABILITY = YES;
				GCC_C_LANGUAGE_STANDARD = gnu99;
				GCC_DYNAMIC_NO_PIC = NO;
				GCC_NO_COMMON_BLOCKS = YES;
				GCC_OPTIMIZATION_LEVEL = 0;
				GCC_PREPROCESSOR_DEFINITIONS = (
					"DEBUG=1",
					"$(inherited)",
				);
				GCC_WARN_64_TO_32_BIT_CONVERSION = YES;
				GCC_WARN_ABOUT_RETURN_TYPE = YES_ERROR;
				GCC_WARN_UNDECLARED_SELECTOR = YES;
				GCC_WARN_UNINITIALIZED_AUTOS = YES_AGGRESSIVE;
				GCC_WARN_UNUSED_FUNCTION = YES;
				GCC_WARN_UNUSED_VARIABLE = YES;
				INFOPLIST_FILE = "Pandora-iOSTests/Info.plist";
				LD_RUNPATH_SEARCH_PATHS = "$(inherited) @executable_path/Frameworks @loader_path/Frameworks";
				MTL_ENABLE_DEBUG_INFO = YES;
				ONLY_ACTIVE_ARCH = YES;
				PRODUCT_BUNDLE_IDENTIFIER = "org.projectserver.Pandora-iOSTests";
				PRODUCT_NAME = "$(TARGET_NAME)";
				SDKROOT = iphoneos;
				SWIFT_OPTIMIZATION_LEVEL = "-Onone";
			};
			name = Debug;
		};
		DF1CDEEE1CF059100006B594 /* Release */ = {
			isa = XCBuildConfiguration;
			buildSettings = {
				ALWAYS_SEARCH_USER_PATHS = NO;
				CLANG_ANALYZER_NONNULL = YES;
				CLANG_CXX_LANGUAGE_STANDARD = "gnu++0x";
				CLANG_CXX_LIBRARY = "libc++";
				CLANG_ENABLE_MODULES = YES;
				CLANG_ENABLE_OBJC_ARC = YES;
				CLANG_WARN_BOOL_CONVERSION = YES;
				CLANG_WARN_CONSTANT_CONVERSION = YES;
				CLANG_WARN_DIRECT_OBJC_ISA_USAGE = YES_ERROR;
				CLANG_WARN_EMPTY_BODY = YES;
				CLANG_WARN_ENUM_CONVERSION = YES;
				CLANG_WARN_INT_CONVERSION = YES;
				CLANG_WARN_OBJC_ROOT_CLASS = YES_ERROR;
				CLANG_WARN_UNREACHABLE_CODE = YES;
				CLANG_WARN__DUPLICATE_METHOD_MATCH = YES;
				"CODE_SIGN_IDENTITY[sdk=iphoneos*]" = "iPhone Developer";
				COPY_PHASE_STRIP = NO;
				DEBUG_INFORMATION_FORMAT = "dwarf-with-dsym";
				ENABLE_NS_ASSERTIONS = NO;
				ENABLE_STRICT_OBJC_MSGSEND = YES;
				GCC_C_LANGUAGE_STANDARD = gnu99;
				GCC_NO_COMMON_BLOCKS = YES;
				GCC_WARN_64_TO_32_BIT_CONVERSION = YES;
				GCC_WARN_ABOUT_RETURN_TYPE = YES_ERROR;
				GCC_WARN_UNDECLARED_SELECTOR = YES;
				GCC_WARN_UNINITIALIZED_AUTOS = YES_AGGRESSIVE;
				GCC_WARN_UNUSED_FUNCTION = YES;
				GCC_WARN_UNUSED_VARIABLE = YES;
				INFOPLIST_FILE = "Pandora-iOSTests/Info.plist";
				LD_RUNPATH_SEARCH_PATHS = "$(inherited) @executable_path/Frameworks @loader_path/Frameworks";
				MTL_ENABLE_DEBUG_INFO = NO;
				PRODUCT_BUNDLE_IDENTIFIER = "org.projectserver.Pandora-iOSTests";
				PRODUCT_NAME = "$(TARGET_NAME)";
				SDKROOT = iphoneos;
				VALIDATE_PRODUCT = YES;
			};
			name = Release;
		};
		DF1CDF051CF0593D0006B594 /* Debug */ = {
			isa = XCBuildConfiguration;
			buildSettings = {
				ALWAYS_SEARCH_USER_PATHS = NO;
				ASSETCATALOG_COMPILER_APPICON_NAME = AppIcon;
				CLANG_ANALYZER_NONNULL = YES;
				CLANG_CXX_LANGUAGE_STANDARD = "gnu++0x";
				CLANG_CXX_LIBRARY = "libc++";
				CLANG_ENABLE_MODULES = YES;
				CLANG_ENABLE_OBJC_ARC = YES;
				CLANG_WARN_BOOL_CONVERSION = YES;
				CLANG_WARN_CONSTANT_CONVERSION = YES;
				CLANG_WARN_DIRECT_OBJC_ISA_USAGE = YES_ERROR;
				CLANG_WARN_EMPTY_BODY = YES;
				CLANG_WARN_ENUM_CONVERSION = YES;
				CLANG_WARN_INT_CONVERSION = YES;
				CLANG_WARN_OBJC_ROOT_CLASS = YES_ERROR;
				CLANG_WARN_UNREACHABLE_CODE = YES;
				CLANG_WARN__DUPLICATE_METHOD_MATCH = YES;
				"CODE_SIGN_IDENTITY[sdk=iphoneos*]" = "iPhone Developer";
				COPY_PHASE_STRIP = NO;
				DEBUG_INFORMATION_FORMAT = dwarf;
				ENABLE_STRICT_OBJC_MSGSEND = YES;
				ENABLE_TESTABILITY = YES;
				GCC_C_LANGUAGE_STANDARD = gnu99;
				GCC_DYNAMIC_NO_PIC = NO;
				GCC_NO_COMMON_BLOCKS = YES;
				GCC_OPTIMIZATION_LEVEL = 0;
				GCC_PREPROCESSOR_DEFINITIONS = (
					"DEBUG=1",
					"$(inherited)",
				);
				GCC_WARN_64_TO_32_BIT_CONVERSION = YES;
				GCC_WARN_ABOUT_RETURN_TYPE = YES_ERROR;
				GCC_WARN_UNDECLARED_SELECTOR = YES;
				GCC_WARN_UNINITIALIZED_AUTOS = YES_AGGRESSIVE;
				GCC_WARN_UNUSED_FUNCTION = YES;
				GCC_WARN_UNUSED_VARIABLE = YES;
				INFOPLIST_FILE = "Pandora-Example/Info.plist";
				LD_RUNPATH_SEARCH_PATHS = "$(inherited) @executable_path/Frameworks";
				MTL_ENABLE_DEBUG_INFO = YES;
				ONLY_ACTIVE_ARCH = YES;
				PRODUCT_BUNDLE_IDENTIFIER = "org.projectserver.Pandora-Example";
				PRODUCT_NAME = "$(TARGET_NAME)";
				SDKROOT = iphoneos;
				SWIFT_OPTIMIZATION_LEVEL = "-Onone";
				SWIFT_VERSION = 3.0;
			};
			name = Debug;
		};
		DF1CDF061CF0593D0006B594 /* Release */ = {
			isa = XCBuildConfiguration;
			buildSettings = {
				ALWAYS_SEARCH_USER_PATHS = NO;
				ASSETCATALOG_COMPILER_APPICON_NAME = AppIcon;
				CLANG_ANALYZER_NONNULL = YES;
				CLANG_CXX_LANGUAGE_STANDARD = "gnu++0x";
				CLANG_CXX_LIBRARY = "libc++";
				CLANG_ENABLE_MODULES = YES;
				CLANG_ENABLE_OBJC_ARC = YES;
				CLANG_WARN_BOOL_CONVERSION = YES;
				CLANG_WARN_CONSTANT_CONVERSION = YES;
				CLANG_WARN_DIRECT_OBJC_ISA_USAGE = YES_ERROR;
				CLANG_WARN_EMPTY_BODY = YES;
				CLANG_WARN_ENUM_CONVERSION = YES;
				CLANG_WARN_INT_CONVERSION = YES;
				CLANG_WARN_OBJC_ROOT_CLASS = YES_ERROR;
				CLANG_WARN_UNREACHABLE_CODE = YES;
				CLANG_WARN__DUPLICATE_METHOD_MATCH = YES;
				"CODE_SIGN_IDENTITY[sdk=iphoneos*]" = "iPhone Developer";
				COPY_PHASE_STRIP = NO;
				DEBUG_INFORMATION_FORMAT = "dwarf-with-dsym";
				ENABLE_NS_ASSERTIONS = NO;
				ENABLE_STRICT_OBJC_MSGSEND = YES;
				GCC_C_LANGUAGE_STANDARD = gnu99;
				GCC_NO_COMMON_BLOCKS = YES;
				GCC_WARN_64_TO_32_BIT_CONVERSION = YES;
				GCC_WARN_ABOUT_RETURN_TYPE = YES_ERROR;
				GCC_WARN_UNDECLARED_SELECTOR = YES;
				GCC_WARN_UNINITIALIZED_AUTOS = YES_AGGRESSIVE;
				GCC_WARN_UNUSED_FUNCTION = YES;
				GCC_WARN_UNUSED_VARIABLE = YES;
				INFOPLIST_FILE = "Pandora-Example/Info.plist";
				LD_RUNPATH_SEARCH_PATHS = "$(inherited) @executable_path/Frameworks";
				MTL_ENABLE_DEBUG_INFO = NO;
				PRODUCT_BUNDLE_IDENTIFIER = "org.projectserver.Pandora-Example";
				PRODUCT_NAME = "$(TARGET_NAME)";
				SDKROOT = iphoneos;
				SWIFT_VERSION = 3.0;
				VALIDATE_PRODUCT = YES;
			};
			name = Release;
		};
		DF1CDF141CF05AB60006B594 /* Debug */ = {
			isa = XCBuildConfiguration;
			buildSettings = {
				ALWAYS_SEARCH_USER_PATHS = NO;
				CLANG_ANALYZER_NONNULL = YES;
				CLANG_CXX_LANGUAGE_STANDARD = "gnu++0x";
				CLANG_CXX_LIBRARY = "libc++";
				CLANG_ENABLE_MODULES = YES;
				CLANG_ENABLE_OBJC_ARC = YES;
				CLANG_WARN_BOOL_CONVERSION = YES;
				CLANG_WARN_CONSTANT_CONVERSION = YES;
				CLANG_WARN_DIRECT_OBJC_ISA_USAGE = YES_ERROR;
				CLANG_WARN_EMPTY_BODY = YES;
				CLANG_WARN_ENUM_CONVERSION = YES;
				CLANG_WARN_INT_CONVERSION = YES;
				CLANG_WARN_OBJC_ROOT_CLASS = YES_ERROR;
				CLANG_WARN_UNREACHABLE_CODE = YES;
				CLANG_WARN__DUPLICATE_METHOD_MATCH = YES;
				COPY_PHASE_STRIP = NO;
				DEBUG_INFORMATION_FORMAT = dwarf;
				ENABLE_STRICT_OBJC_MSGSEND = YES;
				ENABLE_TESTABILITY = YES;
				GCC_C_LANGUAGE_STANDARD = gnu99;
				GCC_DYNAMIC_NO_PIC = NO;
				GCC_NO_COMMON_BLOCKS = YES;
				GCC_OPTIMIZATION_LEVEL = 0;
				GCC_PREPROCESSOR_DEFINITIONS = (
					"DEBUG=1",
					"$(inherited)",
				);
				GCC_WARN_64_TO_32_BIT_CONVERSION = YES;
				GCC_WARN_ABOUT_RETURN_TYPE = YES_ERROR;
				GCC_WARN_UNDECLARED_SELECTOR = YES;
				GCC_WARN_UNINITIALIZED_AUTOS = YES_AGGRESSIVE;
				GCC_WARN_UNUSED_FUNCTION = YES;
				GCC_WARN_UNUSED_VARIABLE = YES;
				INFOPLIST_FILE = "Pandora-tvOSTests/Info.plist";
				LD_RUNPATH_SEARCH_PATHS = "$(inherited) @executable_path/Frameworks @loader_path/Frameworks";
				MTL_ENABLE_DEBUG_INFO = YES;
				ONLY_ACTIVE_ARCH = YES;
				PRODUCT_BUNDLE_IDENTIFIER = "org.projectserver.Pandora-tvOSTests";
				PRODUCT_NAME = "$(TARGET_NAME)";
				SDKROOT = appletvos;
				SWIFT_OPTIMIZATION_LEVEL = "-Onone";
				TVOS_DEPLOYMENT_TARGET = 9.2;
			};
			name = Debug;
		};
		DF1CDF151CF05AB60006B594 /* Release */ = {
			isa = XCBuildConfiguration;
			buildSettings = {
				ALWAYS_SEARCH_USER_PATHS = NO;
				CLANG_ANALYZER_NONNULL = YES;
				CLANG_CXX_LANGUAGE_STANDARD = "gnu++0x";
				CLANG_CXX_LIBRARY = "libc++";
				CLANG_ENABLE_MODULES = YES;
				CLANG_ENABLE_OBJC_ARC = YES;
				CLANG_WARN_BOOL_CONVERSION = YES;
				CLANG_WARN_CONSTANT_CONVERSION = YES;
				CLANG_WARN_DIRECT_OBJC_ISA_USAGE = YES_ERROR;
				CLANG_WARN_EMPTY_BODY = YES;
				CLANG_WARN_ENUM_CONVERSION = YES;
				CLANG_WARN_INT_CONVERSION = YES;
				CLANG_WARN_OBJC_ROOT_CLASS = YES_ERROR;
				CLANG_WARN_UNREACHABLE_CODE = YES;
				CLANG_WARN__DUPLICATE_METHOD_MATCH = YES;
				COPY_PHASE_STRIP = NO;
				DEBUG_INFORMATION_FORMAT = "dwarf-with-dsym";
				ENABLE_NS_ASSERTIONS = NO;
				ENABLE_STRICT_OBJC_MSGSEND = YES;
				GCC_C_LANGUAGE_STANDARD = gnu99;
				GCC_NO_COMMON_BLOCKS = YES;
				GCC_WARN_64_TO_32_BIT_CONVERSION = YES;
				GCC_WARN_ABOUT_RETURN_TYPE = YES_ERROR;
				GCC_WARN_UNDECLARED_SELECTOR = YES;
				GCC_WARN_UNINITIALIZED_AUTOS = YES_AGGRESSIVE;
				GCC_WARN_UNUSED_FUNCTION = YES;
				GCC_WARN_UNUSED_VARIABLE = YES;
				INFOPLIST_FILE = "Pandora-tvOSTests/Info.plist";
				LD_RUNPATH_SEARCH_PATHS = "$(inherited) @executable_path/Frameworks @loader_path/Frameworks";
				MTL_ENABLE_DEBUG_INFO = NO;
				PRODUCT_BUNDLE_IDENTIFIER = "org.projectserver.Pandora-tvOSTests";
				PRODUCT_NAME = "$(TARGET_NAME)";
				SDKROOT = appletvos;
				TVOS_DEPLOYMENT_TARGET = 9.2;
				VALIDATE_PRODUCT = YES;
			};
			name = Release;
		};
/* End XCBuildConfiguration section */

/* Begin XCConfigurationList section */
		DF1CDE9E1CF046CE0006B594 /* Build configuration list for PBXProject "Pandora" */ = {
			isa = XCConfigurationList;
			buildConfigurations = (
				DF1CDE9F1CF046CE0006B594 /* Debug */,
				DF1CDEA01CF046CE0006B594 /* Release */,
			);
			defaultConfigurationIsVisible = 0;
			defaultConfigurationName = Release;
		};
		DF1CDEAC1CF047210006B594 /* Build configuration list for PBXNativeTarget "Pandora-iOS" */ = {
			isa = XCConfigurationList;
			buildConfigurations = (
				DF1CDEAD1CF047210006B594 /* Debug */,
				DF1CDEAE1CF047210006B594 /* Release */,
			);
			defaultConfigurationIsVisible = 0;
			defaultConfigurationName = Release;
		};
		DF1CDEB91CF047380006B594 /* Build configuration list for PBXNativeTarget "Pandora-watchOS" */ = {
			isa = XCConfigurationList;
			buildConfigurations = (
				DF1CDEBA1CF047380006B594 /* Debug */,
				DF1CDEBB1CF047380006B594 /* Release */,
			);
			defaultConfigurationIsVisible = 0;
			defaultConfigurationName = Release;
		};
		DF1CDEC61CF0474E0006B594 /* Build configuration list for PBXNativeTarget "Pandora-tvOS" */ = {
			isa = XCConfigurationList;
			buildConfigurations = (
				DF1CDEC71CF0474E0006B594 /* Debug */,
				DF1CDEC81CF0474E0006B594 /* Release */,
			);
			defaultConfigurationIsVisible = 0;
			defaultConfigurationName = Release;
		};
		DF1CDEEC1CF059100006B594 /* Build configuration list for PBXNativeTarget "Pandora-iOSTests" */ = {
			isa = XCConfigurationList;
			buildConfigurations = (
				DF1CDEED1CF059100006B594 /* Debug */,
				DF1CDEEE1CF059100006B594 /* Release */,
			);
			defaultConfigurationIsVisible = 0;
			defaultConfigurationName = Release;
		};
		DF1CDF041CF0593D0006B594 /* Build configuration list for PBXNativeTarget "Pandora-Example" */ = {
			isa = XCConfigurationList;
			buildConfigurations = (
				DF1CDF051CF0593D0006B594 /* Debug */,
				DF1CDF061CF0593D0006B594 /* Release */,
			);
			defaultConfigurationIsVisible = 0;
			defaultConfigurationName = Release;
		};
		DF1CDF131CF05AB60006B594 /* Build configuration list for PBXNativeTarget "Pandora-tvOSTests" */ = {
			isa = XCConfigurationList;
			buildConfigurations = (
				DF1CDF141CF05AB60006B594 /* Debug */,
				DF1CDF151CF05AB60006B594 /* Release */,
			);
			defaultConfigurationIsVisible = 0;
			defaultConfigurationName = Release;
		};
/* End XCConfigurationList section */
	};
	rootObject = DF1CDE9B1CF046CE0006B594 /* Project object */;
}
